
Microsoft Visual Studio Solution File, Format Version 12.00
# Visual Studio Version 17
VisualStudioVersion = 17.5.33502.453
MinimumVisualStudioVersion = 10.0.40219.1
Project("{9A19103F-16F7-4668-BE54-9A1E7A4F7556}") = "BankApp.API", "BankApp.API\BankApp.API.csproj", "{F1BEEE7A-B7B1-4BFF-B1BC-DB0A71408692}"
EndProject
Project("{FAE04EC0-301F-11D3-BF4B-00C04F79EFBC}") = "BankApp.Tests", "BankApp.Tests\BankApp.Tests.csproj", "{01F0E69D-404F-44C1-B420-239AFACF7EFB}"
EndProject
Global
	GlobalSection(SolutionConfigurationPlatforms) = preSolution
		Debug|Any CPU = Debug|Any CPU
		Release|Any CPU = Release|Any CPU
	EndGlobalSection
	GlobalSection(ProjectConfigurationPlatforms) = postSolution
		{F1BEEE7A-B7B1-4BFF-B1BC-DB0A71408692}.Debug|Any CPU.ActiveCfg = Debug|Any CPU
		{F1BEEE7A-B7B1-4BFF-B1BC-DB0A71408692}.Debug|Any CPU.Build.0 = Debug|Any CPU
		{F1BEEE7A-B7B1-4BFF-B1BC-DB0A71408692}.Release|Any CPU.ActiveCfg = Release|Any CPU
		{F1BEEE7A-B7B1-4BFF-B1BC-DB0A71408692}.Release|Any CPU.Build.0 = Release|Any CPU
		{01F0E69D-404F-44C1-B420-239AFACF7EFB}.Debug|Any CPU.ActiveCfg = Debug|Any CPU
		{01F0E69D-404F-44C1-B420-239AFACF7EFB}.Debug|Any CPU.Build.0 = Debug|Any CPU
		{01F0E69D-404F-44C1-B420-239AFACF7EFB}.Release|Any CPU.ActiveCfg = Release|Any CPU
		{01F0E69D-404F-44C1-B420-239AFACF7EFB}.Release|Any CPU.Build.0 = Release|Any CPU
	EndGlobalSection
	GlobalSection(SolutionProperties) = preSolution
		HideSolutionNode = FALSE
	EndGlobalSection
	GlobalSection(ExtensibilityGlobals) = postSolution
		SolutionGuid = {4AF8A363-8D08-40C1-8A4D-E7DF0B5383D0}
	EndGlobalSection
EndGlobal
